
Microsoft Visual Studio Solution File, Format Version 12.00
# Visual Studio Version 16
VisualStudioVersion = 16.0.31624.102
MinimumVisualStudioVersion = 10.0.40219.1
Project("{2150E333-8FDC-42A3-9474-1A3956D46DE8}") = "src", "src", "{37F7C7A3-138A-4A92-B35C-69CCEC7D9B1D}"
EndProject
Project("{2150E333-8FDC-42A3-9474-1A3956D46DE8}") = "Host", "src\Host", "{98CF9F41-92CD-4C79-BA65-78001004F561}"
EndProject
Project("{2150E333-8FDC-42A3-9474-1A3956D46DE8}") = "Service", "src\Host\Service", "{4256242A-91B0-4706-9B73-309E630432B7}"
EndProject
Project("{9A19103F-16F7-4668-BE54-9A1E7A4F7556}") = "CX.APP.Service", "src\Host\Service\CX.APP.Service\CX.APP.Service.csproj", "{BCA6A7DE-A6D6-42C5-90FE-B4B556418913}"
EndProject
Project("{2150E333-8FDC-42A3-9474-1A3956D46DE8}") = "Domain", "src\Domain", "{0BDCE6E3-0297-43D0-8C3D-9571EECFA406}"
EndProject
Project("{9A19103F-16F7-4668-BE54-9A1E7A4F7556}") = "Service.APP", "src\Domain\Service.APP\Service.APP.csproj", "{DCE5D527-B323-4C2B-80FB-BB90F38960C9}"
EndProject
Project("{9A19103F-16F7-4668-BE54-9A1E7A4F7556}") = "Service.APP.Contracts", "src\Domain\Service.APP.Contracts\Service.APP.Contracts.csproj", "{363F0700-7FA5-4012-9436-91C312D8B0AB}"
EndProject
Project("{9A19103F-16F7-4668-BE54-9A1E7A4F7556}") = "Domain", "src\Domain\Domain\Domain.csproj", "{520708C9-2FE4-47BE-98B4-005E9A5BB13A}"
EndProject
Project("{9A19103F-16F7-4668-BE54-9A1E7A4F7556}") = "EF", "src\Domain\EF\EF.csproj", "{594D24E6-ED61-447C-8F84-B19467391786}"
EndProject
Global
	GlobalSection(SolutionConfigurationPlatforms) = preSolution
		Debug|Any CPU = Debug|Any CPU
		Release|Any CPU = Release|Any CPU
	EndGlobalSection
	GlobalSection(ProjectConfigurationPlatforms) = postSolution
		{BCA6A7DE-A6D6-42C5-90FE-B4B556418913}.Debug|Any CPU.ActiveCfg = Debug|Any CPU
		{BCA6A7DE-A6D6-42C5-90FE-B4B556418913}.Debug|Any CPU.Build.0 = Debug|Any CPU
		{BCA6A7DE-A6D6-42C5-90FE-B4B556418913}.Release|Any CPU.ActiveCfg = Release|Any CPU
		{BCA6A7DE-A6D6-42C5-90FE-B4B556418913}.Release|Any CPU.Build.0 = Release|Any CPU
		{DCE5D527-B323-4C2B-80FB-BB90F38960C9}.Debug|Any CPU.ActiveCfg = Debug|Any CPU
		{DCE5D527-B323-4C2B-80FB-BB90F38960C9}.Debug|Any CPU.Build.0 = Debug|Any CPU
		{DCE5D527-B323-4C2B-80FB-BB90F38960C9}.Release|Any CPU.ActiveCfg = Release|Any CPU
		{DCE5D527-B323-4C2B-80FB-BB90F38960C9}.Release|Any CPU.Build.0 = Release|Any CPU
		{363F0700-7FA5-4012-9436-91C312D8B0AB}.Debug|Any CPU.ActiveCfg = Debug|Any CPU
		{363F0700-7FA5-4012-9436-91C312D8B0AB}.Debug|Any CPU.Build.0 = Debug|Any CPU
		{363F0700-7FA5-4012-9436-91C312D8B0AB}.Release|Any CPU.ActiveCfg = Release|Any CPU
		{363F0700-7FA5-4012-9436-91C312D8B0AB}.Release|Any CPU.Build.0 = Release|Any CPU
		{520708C9-2FE4-47BE-98B4-005E9A5BB13A}.Debug|Any CPU.ActiveCfg = Debug|Any CPU
		{520708C9-2FE4-47BE-98B4-005E9A5BB13A}.Debug|Any CPU.Build.0 = Debug|Any CPU
		{520708C9-2FE4-47BE-98B4-005E9A5BB13A}.Release|Any CPU.ActiveCfg = Release|Any CPU
		{520708C9-2FE4-47BE-98B4-005E9A5BB13A}.Release|Any CPU.Build.0 = Release|Any CPU
		{594D24E6-ED61-447C-8F84-B19467391786}.Debug|Any CPU.ActiveCfg = Debug|Any CPU
		{594D24E6-ED61-447C-8F84-B19467391786}.Debug|Any CPU.Build.0 = Debug|Any CPU
		{594D24E6-ED61-447C-8F84-B19467391786}.Release|Any CPU.ActiveCfg = Release|Any CPU
		{594D24E6-ED61-447C-8F84-B19467391786}.Release|Any CPU.Build.0 = Release|Any CPU
	EndGlobalSection
	GlobalSection(SolutionProperties) = preSolution
		HideSolutionNode = FALSE
	EndGlobalSection
	GlobalSection(NestedProjects) = preSolution
		{98CF9F41-92CD-4C79-BA65-78001004F561} = {37F7C7A3-138A-4A92-B35C-69CCEC7D9B1D}
		{4256242A-91B0-4706-9B73-309E630432B7} = {98CF9F41-92CD-4C79-BA65-78001004F561}
		{BCA6A7DE-A6D6-42C5-90FE-B4B556418913} = {4256242A-91B0-4706-9B73-309E630432B7}
		{0BDCE6E3-0297-43D0-8C3D-9571EECFA406} = {37F7C7A3-138A-4A92-B35C-69CCEC7D9B1D}
		{DCE5D527-B323-4C2B-80FB-BB90F38960C9} = {0BDCE6E3-0297-43D0-8C3D-9571EECFA406}
		{363F0700-7FA5-4012-9436-91C312D8B0AB} = {0BDCE6E3-0297-43D0-8C3D-9571EECFA406}
		{520708C9-2FE4-47BE-98B4-005E9A5BB13A} = {0BDCE6E3-0297-43D0-8C3D-9571EECFA406}
		{594D24E6-ED61-447C-8F84-B19467391786} = {0BDCE6E3-0297-43D0-8C3D-9571EECFA406}
	EndGlobalSection
	GlobalSection(ExtensibilityGlobals) = postSolution
		SolutionGuid = {F21325BF-E910-449A-990E-AC447248452D}
	EndGlobalSection
EndGlobal
